
Microsoft Visual Studio Solution File, Format Version 12.00
# Visual Studio Version 17
VisualStudioVersion = 17.0.31903.59
MinimumVisualStudioVersion = 10.0.40219.1
Project("{2150E333-8FDC-42A3-9474-1A3956D46DE8}") = "src", "src", "{827E0CD3-B72D-47B6-A68D-7590B98EB39B}"
EndProject
Project("{FAE04EC0-301F-11D3-BF4B-00C04F79EFBC}") = "ChainOfRepair.Core", "src\ChainOfRepair.Core\ChainOfRepair.Core.csproj", "{4CA86ED4-A939-4017-B89A-81A54C907F61}"
EndProject
Project("{FAE04EC0-301F-11D3-BF4B-00C04F79EFBC}") = "ChainOfRepair.Web", "src\ChainOfRepair.Web\ChainOfRepair.Web.csproj", "{A1D7179E-03C8-4357-8B48-7B86C21D26BC}"
EndProject
Project("{FAE04EC0-301F-11D3-BF4B-00C04F79EFBC}") = "ChainOfRepair.Cli", "src\ChainOfRepair.Cli\ChainOfRepair.Cli.csproj", "{6A154CF2-BE7F-42EB-855F-001743E62BD5}"
EndProject
Project("{FAE04EC0-301F-11D3-BF4B-00C04F79EFBC}") = "ChainOfRepair.Tests", "tests\ChainOfRepair.Tests\ChainOfRepair.Tests.csproj", "{4F09EDD7-7572-4B7D-A90F-52A7C9B9C2B8}"
EndProject
Global
	GlobalSection(SolutionConfigurationPlatforms) = preSolution
		Debug|Any CPU = Debug|Any CPU
		Debug|x64 = Debug|x64
		Debug|x86 = Debug|x86
		Release|Any CPU = Release|Any CPU
		Release|x64 = Release|x64
		Release|x86 = Release|x86
	EndGlobalSection
	GlobalSection(ProjectConfigurationPlatforms) = postSolution
		{4CA86ED4-A939-4017-B89A-81A54C907F61}.Debug|Any CPU.ActiveCfg = Debug|Any CPU
		{4CA86ED4-A939-4017-B89A-81A54C907F61}.Debug|Any CPU.Build.0 = Debug|Any CPU
		{4CA86ED4-A939-4017-B89A-81A54C907F61}.Debug|x64.ActiveCfg = Debug|Any CPU
		{4CA86ED4-A939-4017-B89A-81A54C907F61}.Debug|x64.Build.0 = Debug|Any CPU
		{4CA86ED4-A939-4017-B89A-81A54C907F61}.Debug|x86.ActiveCfg = Debug|Any CPU
		{4CA86ED4-A939-4017-B89A-81A54C907F61}.Debug|x86.Build.0 = Debug|Any CPU
		{4CA86ED4-A939-4017-B89A-81A54C907F61}.Release|Any CPU.ActiveCfg = Release|Any CPU
		{4CA86ED4-A939-4017-B89A-81A54C907F61}.Release|Any CPU.Build.0 = Release|Any CPU
		{4CA86ED4-A939-4017-B89A-81A54C907F61}.Release|x64.ActiveCfg = Release|Any CPU
		{4CA86ED4-A939-4017-B89A-81A54C907F61}.Release|x64.Build.0 = Release|Any CPU
		{4CA86ED4-A939-4017-B89A-81A54C907F61}.Release|x86.ActiveCfg = Release|Any CPU
		{4CA86ED4-A939-4017-B89A-81A54C907F61}.Release|x86.Build.0 = Release|Any CPU
		{A1D7179E-03C8-4357-8B48-7B86C21D26BC}.Debug|Any CPU.ActiveCfg = Debug|Any CPU
		{A1D7179E-03C8-4357-8B48-7B86C21D26BC}.Debug|Any CPU.Build.0 = Debug|Any CPU
		{A1D7179E-03C8-4357-8B48-7B86C21D26BC}.Debug|x64.ActiveCfg = Debug|Any CPU
		{A1D7179E-03C8-4357-8B48-7B86C21D26BC}.Debug|x64.Build.0 = Debug|Any CPU
		{A1D7179E-03C8-4357-8B48-7B86C21D26BC}.Debug|x86.ActiveCfg = Debug|Any CPU
		{A1D7179E-03C8-4357-8B48-7B86C21D26BC}.Debug|x86.Build.0 = Debug|Any CPU
		{A1D7179E-03C8-4357-8B48-7B86C21D26BC}.Release|Any CPU.ActiveCfg = Release|Any CPU
		{A1D7179E-03C8-4357-8B48-7B86C21D26BC}.Release|Any CPU.Build.0 = Release|Any CPU
		{A1D7179E-03C8-4357-8B48-7B86C21D26BC}.Release|x64.ActiveCfg = Release|Any CPU
		{A1D7179E-03C8-4357-8B48-7B86C21D26BC}.Release|x64.Build.0 = Release|Any CPU
		{A1D7179E-03C8-4357-8B48-7B86C21D26BC}.Release|x86.ActiveCfg = Release|Any CPU
		{A1D7179E-03C8-4357-8B48-7B86C21D26BC}.Release|x86.Build.0 = Release|Any CPU
		{6A154CF2-BE7F-42EB-855F-001743E62BD5}.Debug|Any CPU.ActiveCfg = Debug|Any CPU
		{6A154CF2-BE7F-42EB-855F-001743E62BD5}.Debug|Any CPU.Build.0 = Debug|Any CPU
		{6A154CF2-BE7F-42EB-855F-001743E62BD5}.Debug|x64.ActiveCfg = Debug|Any CPU
		{6A154CF2-BE7F-42EB-855F-001743E62BD5}.Debug|x64.Build.0 = Debug|Any CPU
		{6A154CF2-BE7F-42EB-855F-001743E62BD5}.Debug|x86.ActiveCfg = Debug|Any CPU
		{6A154CF2-BE7F-42EB-855F-001743E62BD5}.Debug|x86.Build.0 = Debug|Any CPU
		{6A154CF2-BE7F-42EB-855F-001743E62BD5}.Release|Any CPU.ActiveCfg = Release|Any CPU
		{6A154CF2-BE7F-42EB-855F-001743E62BD5}.Release|Any CPU.Build.0 = Release|Any CPU
		{6A154CF2-BE7F-42EB-855F-001743E62BD5}.Release|x64.ActiveCfg = Release|Any CPU
		{6A154CF2-BE7F-42EB-855F-001743E62BD5}.Release|x64.Build.0 = Release|Any CPU
		{6A154CF2-BE7F-42EB-855F-001743E62BD5}.Release|x86.ActiveCfg = Release|Any CPU
		{6A154CF2-BE7F-42EB-855F-001743E62BD5}.Release|x86.Build.0 = Release|Any CPU
		{4F09EDD7-7572-4B7D-A90F-52A7C9B9C2B8}.Debug|Any CPU.ActiveCfg = Debug|Any CPU
		{4F09EDD7-7572-4B7D-A90F-52A7C9B9C2B8}.Debug|Any CPU.Build.0 = Debug|Any CPU
		{4F09EDD7-7572-4B7D-A90F-52A7C9B9C2B8}.Debug|x64.ActiveCfg = Debug|Any CPU
		{4F09EDD7-7572-4B7D-A90F-52A7C9B9C2B8}.Debug|x64.Build.0 = Debug|Any CPU
		{4F09EDD7-7572-4B7D-A90F-52A7C9B9C2B8}.Debug|x86.ActiveCfg = Debug|Any CPU
		{4F09EDD7-7572-4B7D-A90F-52A7C9B9C2B8}.Debug|x86.Build.0 = Debug|Any CPU
		{4F09EDD7-7572-4B7D-A90F-52A7C9B9C2B8}.Release|Any CPU.ActiveCfg = Release|Any CPU
		{4F09EDD7-7572-4B7D-A90F-52A7C9B9C2B8}.Release|Any CPU.Build.0 = Release|Any CPU
		{4F09EDD7-7572-4B7D-A90F-52A7C9B9C2B8}.Release|x64.ActiveCfg = Release|Any CPU
		{4F09EDD7-7572-4B7D-A90F-52A7C9B9C2B8}.Release|x64.Build.0 = Release|Any CPU
		{4F09EDD7-7572-4B7D-A90F-52A7C9B9C2B8}.Release|x86.ActiveCfg = Release|Any CPU
		{4F09EDD7-7572-4B7D-A90F-52A7C9B9C2B8}.Release|x86.Build.0 = Release|Any CPU
	EndGlobalSection
	GlobalSection(SolutionProperties) = preSolution
		HideSolutionNode = FALSE
	EndGlobalSection
	GlobalSection(NestedProjects) = preSolution
		{4CA86ED4-A939-4017-B89A-81A54C907F61} = {827E0CD3-B72D-47B6-A68D-7590B98EB39B}
		{A1D7179E-03C8-4357-8B48-7B86C21D26BC} = {827E0CD3-B72D-47B6-A68D-7590B98EB39B}
		{6A154CF2-BE7F-42EB-855F-001743E62BD5} = {827E0CD3-B72D-47B6-A68D-7590B98EB39B}
		{4F09EDD7-7572-4B7D-A90F-52A7C9B9C2B8} = {827E0CD3-B72D-47B6-A68D-7590B98EB39B}
	EndGlobalSection
EndGlobal
